// !$*UTF8*$!
{
	archiveVersion = 1;
	classes = {
	};
	objectVersion = 52;
	objects = {

/* Begin PBXBuildFile section */
		B807E7A62480297F001D064F /* Paths.swift in Sources */ = {isa = PBXBuildFile; fileRef = B807E7A52480297F001D064F /* Paths.swift */; };
		B807E7A8248029FE001D064F /* KillTouchBarHandler.swift in Sources */ = {isa = PBXBuildFile; fileRef = B807E7A7248029FE001D064F /* KillTouchBarHandler.swift */; };
		B807E7AA24802A25001D064F /* PresentFKeyTouchBarHandler.swift in Sources */ = {isa = PBXBuildFile; fileRef = B807E7A924802A25001D064F /* PresentFKeyTouchBarHandler.swift */; };
		B807E7AE24802B39001D064F /* CustomizeFKeyTouchBarHandler.swift in Sources */ = {isa = PBXBuildFile; fileRef = B807E7AD24802B39001D064F /* CustomizeFKeyTouchBarHandler.swift */; };
		B829002D214EC957007C160A /* Main.storyboard in Resources */ = {isa = PBXBuildFile; fileRef = B829002C214EC957007C160A /* Main.storyboard */; };
		B82C5FDD2151F11E004A8002 /* UserDefaultsExtension.swift in Sources */ = {isa = PBXBuildFile; fileRef = B82C5FDC2151F11E004A8002 /* UserDefaultsExtension.swift */; };
		B83A07A8204B231A006C3C6E /* ScriptRunner.swift in Sources */ = {isa = PBXBuildFile; fileRef = B83A07A7204B231A006C3C6E /* ScriptRunner.swift */; };
		B83A07B3204B5055006C3C6E /* runescape_chat_font.ttf in Resources */ = {isa = PBXBuildFile; fileRef = B83A07B2204B5055006C3C6E /* runescape_chat_font.ttf */; };
		B8668C852156D0E200DEBBF2 /* Persistence.swift in Sources */ = {isa = PBXBuildFile; fileRef = B8668C842156D0E200DEBBF2 /* Persistence.swift */; };
		B87F0F45247DC5BE00140894 /* Swifter in Frameworks */ = {isa = PBXBuildFile; productRef = B87F0F44247DC5BE00140894 /* Swifter */; };
		B87F0F8624800D1000140894 /* HTTPServer.swift in Sources */ = {isa = PBXBuildFile; fileRef = B87F0F8524800D1000140894 /* HTTPServer.swift */; };
		B87F0F8824800F8600140894 /* TouchBarManager.swift in Sources */ = {isa = PBXBuildFile; fileRef = B87F0F8724800F8600140894 /* TouchBarManager.swift */; };
		B8988A612042704200CC8D7B /* ViewController.swift in Sources */ = {isa = PBXBuildFile; fileRef = B8988A602042704200CC8D7B /* ViewController.swift */; };
		B8988A632042704200CC8D7B /* Assets.xcassets in Resources */ = {isa = PBXBuildFile; fileRef = B8988A622042704200CC8D7B /* Assets.xcassets */; };
		B8AD3F272044986D00A3D40D /* KeyCodes.swift in Sources */ = {isa = PBXBuildFile; fileRef = B8AD3F262044986D00A3D40D /* KeyCodes.swift */; };
		B8AD3F582045220500A3D40D /* DFRFoundation.framework in Frameworks */ = {isa = PBXBuildFile; fileRef = B8AD3F572045220500A3D40D /* DFRFoundation.framework */; };
		B8BE878B20578181000AB194 /* hideControlStrip.sh in Resources */ = {isa = PBXBuildFile; fileRef = B8BE878820578180000AB194 /* hideControlStrip.sh */; };
		B8BE878C20578181000AB194 /* recordControlStripPrefs.sh in Resources */ = {isa = PBXBuildFile; fileRef = B8BE878920578180000AB194 /* recordControlStripPrefs.sh */; };
		B8BE878D20578181000AB194 /* restoreControlStrip.py in Resources */ = {isa = PBXBuildFile; fileRef = B8BE878A20578181000AB194 /* restoreControlStrip.py */; };
		B8D0ACBD214ED0180098E255 /* WindowController.swift in Sources */ = {isa = PBXBuildFile; fileRef = B8D0ACBC214ED0180098E255 /* WindowController.swift */; };
		B8D0ACC3214EE19D0098E255 /* CustomTouchBarItem.swift in Sources */ = {isa = PBXBuildFile; fileRef = B8D0ACC2214EE19D0098E255 /* CustomTouchBarItem.swift */; };
		B8D0ACC5214EE8E70098E255 /* TouchBarConstants.swift in Sources */ = {isa = PBXBuildFile; fileRef = B8D0ACC4214EE8E70098E255 /* TouchBarConstants.swift */; };
		B8D0ACC9214EFCB50098E255 /* AppDelegate.swift in Sources */ = {isa = PBXBuildFile; fileRef = B8D0ACC8214EFCB50098E255 /* AppDelegate.swift */; };
/* End PBXBuildFile section */

/* Begin PBXFileReference section */
		B807E7A52480297F001D064F /* Paths.swift */ = {isa = PBXFileReference; lastKnownFileType = sourcecode.swift; path = Paths.swift; sourceTree = "<group>"; };
		B807E7A7248029FE001D064F /* KillTouchBarHandler.swift */ = {isa = PBXFileReference; lastKnownFileType = sourcecode.swift; path = KillTouchBarHandler.swift; sourceTree = "<group>"; };
		B807E7A924802A25001D064F /* PresentFKeyTouchBarHandler.swift */ = {isa = PBXFileReference; lastKnownFileType = sourcecode.swift; path = PresentFKeyTouchBarHandler.swift; sourceTree = "<group>"; };
		B807E7AD24802B39001D064F /* CustomizeFKeyTouchBarHandler.swift */ = {isa = PBXFileReference; lastKnownFileType = sourcecode.swift; path = CustomizeFKeyTouchBarHandler.swift; sourceTree = "<group>"; };
		B829002C214EC957007C160A /* Main.storyboard */ = {isa = PBXFileReference; lastKnownFileType = file.storyboard; path = Main.storyboard; sourceTree = "<group>"; };
		B82C5FDC2151F11E004A8002 /* UserDefaultsExtension.swift */ = {isa = PBXFileReference; lastKnownFileType = sourcecode.swift; path = UserDefaultsExtension.swift; sourceTree = "<group>"; };
		B83A07A7204B231A006C3C6E /* ScriptRunner.swift */ = {isa = PBXFileReference; lastKnownFileType = sourcecode.swift; path = ScriptRunner.swift; sourceTree = "<group>"; };
		B83A07AB204B29DF006C3C6E /* OSRS-touch-bar-Bridging-Header.h */ = {isa = PBXFileReference; fileEncoding = 4; lastKnownFileType = sourcecode.c.h; path = "OSRS-touch-bar-Bridging-Header.h"; sourceTree = "<group>"; };
		B83A07B2204B5055006C3C6E /* runescape_chat_font.ttf */ = {isa = PBXFileReference; lastKnownFileType = file; path = runescape_chat_font.ttf; sourceTree = "<group>"; };
		B8668C842156D0E200DEBBF2 /* Persistence.swift */ = {isa = PBXFileReference; lastKnownFileType = sourcecode.swift; path = Persistence.swift; sourceTree = "<group>"; };
		B87F0F8524800D1000140894 /* HTTPServer.swift */ = {isa = PBXFileReference; lastKnownFileType = sourcecode.swift; path = HTTPServer.swift; sourceTree = "<group>"; };
		B87F0F8724800F8600140894 /* TouchBarManager.swift */ = {isa = PBXFileReference; lastKnownFileType = sourcecode.swift; path = TouchBarManager.swift; sourceTree = "<group>"; };
		B8988A5B2042704200CC8D7B /* OSRS Touch Bar.app */ = {isa = PBXFileReference; explicitFileType = wrapper.application; includeInIndex = 0; path = "OSRS Touch Bar.app"; sourceTree = BUILT_PRODUCTS_DIR; };
		B8988A602042704200CC8D7B /* ViewController.swift */ = {isa = PBXFileReference; lastKnownFileType = sourcecode.swift; path = ViewController.swift; sourceTree = "<group>"; };
		B8988A622042704200CC8D7B /* Assets.xcassets */ = {isa = PBXFileReference; lastKnownFileType = folder.assetcatalog; path = Assets.xcassets; sourceTree = "<group>"; };
		B8988A672042704200CC8D7B /* Info.plist */ = {isa = PBXFileReference; lastKnownFileType = text.plist.xml; path = Info.plist; sourceTree = "<group>"; };
		B8988A682042704200CC8D7B /* OSRS_touch_bar.entitlements */ = {isa = PBXFileReference; lastKnownFileType = text.plist.entitlements; path = OSRS_touch_bar.entitlements; sourceTree = "<group>"; };
		B8AD3F262044986D00A3D40D /* KeyCodes.swift */ = {isa = PBXFileReference; lastKnownFileType = sourcecode.swift; path = KeyCodes.swift; sourceTree = "<group>"; };
		B8AD3F572045220500A3D40D /* DFRFoundation.framework */ = {isa = PBXFileReference; lastKnownFileType = wrapper.framework; name = DFRFoundation.framework; path = ../../../../../../../System/Library/PrivateFrameworks/DFRFoundation.framework; sourceTree = "<group>"; };
		B8AD3F592045223200A3D40D /* TouchBar.h */ = {isa = PBXFileReference; lastKnownFileType = sourcecode.c.h; path = TouchBar.h; sourceTree = "<group>"; };
		B8BE878820578180000AB194 /* hideControlStrip.sh */ = {isa = PBXFileReference; fileEncoding = 4; lastKnownFileType = text.script.sh; path = hideControlStrip.sh; sourceTree = "<group>"; };
		B8BE878920578180000AB194 /* recordControlStripPrefs.sh */ = {isa = PBXFileReference; fileEncoding = 4; lastKnownFileType = text.script.sh; path = recordControlStripPrefs.sh; sourceTree = "<group>"; };
		B8BE878A20578181000AB194 /* restoreControlStrip.py */ = {isa = PBXFileReference; fileEncoding = 4; lastKnownFileType = text.script.python; path = restoreControlStrip.py; sourceTree = "<group>"; };
		B8D0ACBC214ED0180098E255 /* WindowController.swift */ = {isa = PBXFileReference; lastKnownFileType = sourcecode.swift; path = WindowController.swift; sourceTree = "<group>"; };
		B8D0ACC2214EE19D0098E255 /* CustomTouchBarItem.swift */ = {isa = PBXFileReference; lastKnownFileType = sourcecode.swift; path = CustomTouchBarItem.swift; sourceTree = "<group>"; };
		B8D0ACC4214EE8E70098E255 /* TouchBarConstants.swift */ = {isa = PBXFileReference; lastKnownFileType = sourcecode.swift; path = TouchBarConstants.swift; sourceTree = "<group>"; };
		B8D0ACC8214EFCB50098E255 /* AppDelegate.swift */ = {isa = PBXFileReference; lastKnownFileType = sourcecode.swift; path = AppDelegate.swift; sourceTree = "<group>"; };
/* End PBXFileReference section */

/* Begin PBXFrameworksBuildPhase section */
		B8988A582042704200CC8D7B /* Frameworks */ = {
			isa = PBXFrameworksBuildPhase;
			buildActionMask = 2147483647;
			files = (
				B8AD3F582045220500A3D40D /* DFRFoundation.framework in Frameworks */,
				B87F0F45247DC5BE00140894 /* Swifter in Frameworks */,
			);
			runOnlyForDeploymentPostprocessing = 0;
		};
/* End PBXFrameworksBuildPhase section */

/* Begin PBXGroup section */
		B807E7A424802930001D064F /* Request Handlers */ = {
			isa = PBXGroup;
			children = (
				B807E7A7248029FE001D064F /* KillTouchBarHandler.swift */,
				B807E7A924802A25001D064F /* PresentFKeyTouchBarHandler.swift */,
				B807E7AD24802B39001D064F /* CustomizeFKeyTouchBarHandler.swift */,
			);
			path = "Request Handlers";
			sourceTree = "<group>";
		};
		B83A07A9204B279E006C3C6E /* Supporting Files */ = {
			isa = PBXGroup;
			children = (
				B83A07B2204B5055006C3C6E /* runescape_chat_font.ttf */,
				B83A07AB204B29DF006C3C6E /* OSRS-touch-bar-Bridging-Header.h */,
				B8988A682042704200CC8D7B /* OSRS_touch_bar.entitlements */,
				B8988A622042704200CC8D7B /* Assets.xcassets */,
				B8988A672042704200CC8D7B /* Info.plist */,
			);
			path = "Supporting Files";
			sourceTree = "<group>";
		};
		B83A07AA204B28DB006C3C6E /* Scripting */ = {
			isa = PBXGroup;
			children = (
				B8BE878820578180000AB194 /* hideControlStrip.sh */,
				B8BE878920578180000AB194 /* recordControlStripPrefs.sh */,
				B8BE878A20578181000AB194 /* restoreControlStrip.py */,
				B83A07A7204B231A006C3C6E /* ScriptRunner.swift */,
			);
			path = Scripting;
			sourceTree = "<group>";
		};
		B83A07AC204B2B0D006C3C6E /* Main */ = {
			isa = PBXGroup;
			children = (
				B8D0ACC8214EFCB50098E255 /* AppDelegate.swift */,
				B829002C214EC957007C160A /* Main.storyboard */,
				B8D0ACBC214ED0180098E255 /* WindowController.swift */,
				B8988A602042704200CC8D7B /* ViewController.swift */,
				B8D0ACC2214EE19D0098E255 /* CustomTouchBarItem.swift */,
				B87F0F8724800F8600140894 /* TouchBarManager.swift */,
			);
			path = Main;
			sourceTree = "<group>";
		};
		B83A07AD204B2BAA006C3C6E /* Constants */ = {
			isa = PBXGroup;
			children = (
				B8AD3F262044986D00A3D40D /* KeyCodes.swift */,
				B8D0ACC4214EE8E70098E255 /* TouchBarConstants.swift */,
			);
			path = Constants;
			sourceTree = "<group>";
		};
		B8668C8921583B9F00DEBBF2 /* Persistence */ = {
			isa = PBXGroup;
			children = (
				B82C5FDC2151F11E004A8002 /* UserDefaultsExtension.swift */,
				B8668C842156D0E200DEBBF2 /* Persistence.swift */,
			);
			path = Persistence;
			sourceTree = "<group>";
		};
		B87F0F8424800CEC00140894 /* Network */ = {
			isa = PBXGroup;
			children = (
				B87F0F8524800D1000140894 /* HTTPServer.swift */,
				B807E7A52480297F001D064F /* Paths.swift */,
				B807E7A424802930001D064F /* Request Handlers */,
			);
			path = Network;
			sourceTree = "<group>";
		};
		B8988A522042704200CC8D7B = {
			isa = PBXGroup;
			children = (
				B8988A5D2042704200CC8D7B /* OSRS-touch-bar */,
				B8AD3F592045223200A3D40D /* TouchBar.h */,
				B8988A5C2042704200CC8D7B /* Products */,
				B8AD3F562045220500A3D40D /* Frameworks */,
			);
			sourceTree = "<group>";
		};
		B8988A5C2042704200CC8D7B /* Products */ = {
			isa = PBXGroup;
			children = (
				B8988A5B2042704200CC8D7B /* OSRS Touch Bar.app */,
			);
			name = Products;
			sourceTree = "<group>";
		};
		B8988A5D2042704200CC8D7B /* OSRS-touch-bar */ = {
			isa = PBXGroup;
			children = (
				B83A07AC204B2B0D006C3C6E /* Main */,
				B83A07AD204B2BAA006C3C6E /* Constants */,
				B8668C8921583B9F00DEBBF2 /* Persistence */,
				B87F0F8424800CEC00140894 /* Network */,
				B83A07AA204B28DB006C3C6E /* Scripting */,
				B83A07A9204B279E006C3C6E /* Supporting Files */,
			);
			path = "OSRS-touch-bar";
			sourceTree = "<group>";
		};
		B8AD3F562045220500A3D40D /* Frameworks */ = {
			isa = PBXGroup;
			children = (
				B8AD3F572045220500A3D40D /* DFRFoundation.framework */,
			);
			name = Frameworks;
			sourceTree = "<group>";
		};
/* End PBXGroup section */

/* Begin PBXNativeTarget section */
		B8988A5A2042704200CC8D7B /* OSRS Touch Bar */ = {
			isa = PBXNativeTarget;
			buildConfigurationList = B8988A6B2042704200CC8D7B /* Build configuration list for PBXNativeTarget "OSRS Touch Bar" */;
			buildPhases = (
				B8988A572042704200CC8D7B /* Sources */,
				B8988A582042704200CC8D7B /* Frameworks */,
				B8988A592042704200CC8D7B /* Resources */,
			);
			buildRules = (
			);
			dependencies = (
			);
			name = "OSRS Touch Bar";
			packageProductDependencies = (
				B87F0F44247DC5BE00140894 /* Swifter */,
			);
			productName = "OSRS-touch-bar";
			productReference = B8988A5B2042704200CC8D7B /* OSRS Touch Bar.app */;
			productType = "com.apple.product-type.application";
		};
/* End PBXNativeTarget section */

/* Begin PBXProject section */
		B8988A532042704200CC8D7B /* Project object */ = {
			isa = PBXProject;
			attributes = {
				LastSwiftUpdateCheck = 0920;
				LastUpgradeCheck = 1100;
				ORGANIZATIONNAME = "Patrick Gatewood";
				TargetAttributes = {
					B8988A5A2042704200CC8D7B = {
						CreatedOnToolsVersion = 9.2;
						LastSwiftMigration = 1100;
						ProvisioningStyle = Automatic;
					};
				};
			};
			buildConfigurationList = B8988A562042704200CC8D7B /* Build configuration list for PBXProject "OSRS Touch Bar" */;
			compatibilityVersion = "Xcode 8.0";
			developmentRegion = en;
			hasScannedForEncodings = 0;
			knownRegions = (
				en,
				Base,
			);
			mainGroup = B8988A522042704200CC8D7B;
			packageReferences = (
				B87F0F43247DC5BE00140894 /* XCRemoteSwiftPackageReference "swifter" */,
			);
			productRefGroup = B8988A5C2042704200CC8D7B /* Products */;
			projectDirPath = "";
			projectRoot = "";
			targets = (
				B8988A5A2042704200CC8D7B /* OSRS Touch Bar */,
			);
		};
/* End PBXProject section */

/* Begin PBXResourcesBuildPhase section */
		B8988A592042704200CC8D7B /* Resources */ = {
			isa = PBXResourcesBuildPhase;
			buildActionMask = 2147483647;
			files = (
				B829002D214EC957007C160A /* Main.storyboard in Resources */,
				B8BE878C20578181000AB194 /* recordControlStripPrefs.sh in Resources */,
				B8988A632042704200CC8D7B /* Assets.xcassets in Resources */,
				B8BE878B20578181000AB194 /* hideControlStrip.sh in Resources */,
				B8BE878D20578181000AB194 /* restoreControlStrip.py in Resources */,
				B83A07B3204B5055006C3C6E /* runescape_chat_font.ttf in Resources */,
			);
			runOnlyForDeploymentPostprocessing = 0;
		};
/* End PBXResourcesBuildPhase section */

/* Begin PBXSourcesBuildPhase section */
		B8988A572042704200CC8D7B /* Sources */ = {
			isa = PBXSourcesBuildPhase;
			buildActionMask = 2147483647;
			files = (
				B8668C852156D0E200DEBBF2 /* Persistence.swift in Sources */,
				B8D0ACC9214EFCB50098E255 /* AppDelegate.swift in Sources */,
				B87F0F8624800D1000140894 /* HTTPServer.swift in Sources */,
				B8988A612042704200CC8D7B /* ViewController.swift in Sources */,
				B82C5FDD2151F11E004A8002 /* UserDefaultsExtension.swift in Sources */,
				B87F0F8824800F8600140894 /* TouchBarManager.swift in Sources */,
				B807E7A62480297F001D064F /* Paths.swift in Sources */,
				B8AD3F272044986D00A3D40D /* KeyCodes.swift in Sources */,
				B83A07A8204B231A006C3C6E /* ScriptRunner.swift in Sources */,
				B8D0ACBD214ED0180098E255 /* WindowController.swift in Sources */,
				B8D0ACC3214EE19D0098E255 /* CustomTouchBarItem.swift in Sources */,
				B8D0ACC5214EE8E70098E255 /* TouchBarConstants.swift in Sources */,
				B807E7AA24802A25001D064F /* PresentFKeyTouchBarHandler.swift in Sources */,
				B807E7A8248029FE001D064F /* KillTouchBarHandler.swift in Sources */,
				B807E7AE24802B39001D064F /* CustomizeFKeyTouchBarHandler.swift in Sources */,
			);
			runOnlyForDeploymentPostprocessing = 0;
		};
/* End PBXSourcesBuildPhase section */

/* Begin XCBuildConfiguration section */
		B8988A692042704200CC8D7B /* Debug */ = {
			isa = XCBuildConfiguration;
			buildSettings = {
				ALWAYS_SEARCH_USER_PATHS = NO;
				CLANG_ANALYZER_NONNULL = YES;
				CLANG_ANALYZER_NUMBER_OBJECT_CONVERSION = YES_AGGRESSIVE;
				CLANG_CXX_LANGUAGE_STANDARD = "gnu++14";
				CLANG_CXX_LIBRARY = "libc++";
				CLANG_ENABLE_MODULES = YES;
				CLANG_ENABLE_OBJC_ARC = YES;
				CLANG_WARN_BLOCK_CAPTURE_AUTORELEASING = YES;
				CLANG_WARN_BOOL_CONVERSION = YES;
				CLANG_WARN_COMMA = YES;
				CLANG_WARN_CONSTANT_CONVERSION = YES;
				CLANG_WARN_DEPRECATED_OBJC_IMPLEMENTATIONS = YES;
				CLANG_WARN_DIRECT_OBJC_ISA_USAGE = YES_ERROR;
				CLANG_WARN_DOCUMENTATION_COMMENTS = YES;
				CLANG_WARN_EMPTY_BODY = YES;
				CLANG_WARN_ENUM_CONVERSION = YES;
				CLANG_WARN_INFINITE_RECURSION = YES;
				CLANG_WARN_INT_CONVERSION = YES;
				CLANG_WARN_NON_LITERAL_NULL_CONVERSION = YES;
				CLANG_WARN_OBJC_IMPLICIT_RETAIN_SELF = YES;
				CLANG_WARN_OBJC_LITERAL_CONVERSION = YES;
				CLANG_WARN_OBJC_ROOT_CLASS = YES_ERROR;
				CLANG_WARN_RANGE_LOOP_ANALYSIS = YES;
				CLANG_WARN_STRICT_PROTOTYPES = YES;
				CLANG_WARN_SUSPICIOUS_MOVE = YES;
				CLANG_WARN_UNGUARDED_AVAILABILITY = YES_AGGRESSIVE;
				CLANG_WARN_UNREACHABLE_CODE = YES;
				CLANG_WARN__DUPLICATE_METHOD_MATCH = YES;
				CODE_SIGN_IDENTITY = "Mac Developer";
				COPY_PHASE_STRIP = NO;
				DEBUG_INFORMATION_FORMAT = dwarf;
				ENABLE_STRICT_OBJC_MSGSEND = YES;
				ENABLE_TESTABILITY = YES;
				GCC_C_LANGUAGE_STANDARD = gnu11;
				GCC_DYNAMIC_NO_PIC = NO;
				GCC_NO_COMMON_BLOCKS = YES;
				GCC_OPTIMIZATION_LEVEL = 0;
				GCC_PREPROCESSOR_DEFINITIONS = (
					"DEBUG=1",
					"$(inherited)",
				);
				GCC_WARN_64_TO_32_BIT_CONVERSION = YES;
				GCC_WARN_ABOUT_RETURN_TYPE = YES_ERROR;
				GCC_WARN_UNDECLARED_SELECTOR = YES;
				GCC_WARN_UNINITIALIZED_AUTOS = YES_AGGRESSIVE;
				GCC_WARN_UNUSED_FUNCTION = YES;
				GCC_WARN_UNUSED_VARIABLE = YES;
				MACOSX_DEPLOYMENT_TARGET = 10.13;
				MTL_ENABLE_DEBUG_INFO = YES;
				ONLY_ACTIVE_ARCH = YES;
				SDKROOT = macosx;
				SWIFT_ACTIVE_COMPILATION_CONDITIONS = DEBUG;
				SWIFT_OPTIMIZATION_LEVEL = "-Onone";
			};
			name = Debug;
		};
		B8988A6A2042704200CC8D7B /* Release */ = {
			isa = XCBuildConfiguration;
			buildSettings = {
				ALWAYS_SEARCH_USER_PATHS = NO;
				CLANG_ANALYZER_NONNULL = YES;
				CLANG_ANALYZER_NUMBER_OBJECT_CONVERSION = YES_AGGRESSIVE;
				CLANG_CXX_LANGUAGE_STANDARD = "gnu++14";
				CLANG_CXX_LIBRARY = "libc++";
				CLANG_ENABLE_MODULES = YES;
				CLANG_ENABLE_OBJC_ARC = YES;
				CLANG_WARN_BLOCK_CAPTURE_AUTORELEASING = YES;
				CLANG_WARN_BOOL_CONVERSION = YES;
				CLANG_WARN_COMMA = YES;
				CLANG_WARN_CONSTANT_CONVERSION = YES;
				CLANG_WARN_DEPRECATED_OBJC_IMPLEMENTATIONS = YES;
				CLANG_WARN_DIRECT_OBJC_ISA_USAGE = YES_ERROR;
				CLANG_WARN_DOCUMENTATION_COMMENTS = YES;
				CLANG_WARN_EMPTY_BODY = YES;
				CLANG_WARN_ENUM_CONVERSION = YES;
				CLANG_WARN_INFINITE_RECURSION = YES;
				CLANG_WARN_INT_CONVERSION = YES;
				CLANG_WARN_NON_LITERAL_NULL_CONVERSION = YES;
				CLANG_WARN_OBJC_IMPLICIT_RETAIN_SELF = YES;
				CLANG_WARN_OBJC_LITERAL_CONVERSION = YES;
				CLANG_WARN_OBJC_ROOT_CLASS = YES_ERROR;
				CLANG_WARN_RANGE_LOOP_ANALYSIS = YES;
				CLANG_WARN_STRICT_PROTOTYPES = YES;
				CLANG_WARN_SUSPICIOUS_MOVE = YES;
				CLANG_WARN_UNGUARDED_AVAILABILITY = YES_AGGRESSIVE;
				CLANG_WARN_UNREACHABLE_CODE = YES;
				CLANG_WARN__DUPLICATE_METHOD_MATCH = YES;
				CODE_SIGN_IDENTITY = "Mac Developer";
				COPY_PHASE_STRIP = NO;
				DEBUG_INFORMATION_FORMAT = "dwarf-with-dsym";
				ENABLE_NS_ASSERTIONS = NO;
				ENABLE_STRICT_OBJC_MSGSEND = YES;
				GCC_C_LANGUAGE_STANDARD = gnu11;
				GCC_NO_COMMON_BLOCKS = YES;
				GCC_WARN_64_TO_32_BIT_CONVERSION = YES;
				GCC_WARN_ABOUT_RETURN_TYPE = YES_ERROR;
				GCC_WARN_UNDECLARED_SELECTOR = YES;
				GCC_WARN_UNINITIALIZED_AUTOS = YES_AGGRESSIVE;
				GCC_WARN_UNUSED_FUNCTION = YES;
				GCC_WARN_UNUSED_VARIABLE = YES;
				MACOSX_DEPLOYMENT_TARGET = 10.13;
				MTL_ENABLE_DEBUG_INFO = NO;
				SDKROOT = macosx;
				SWIFT_COMPILATION_MODE = wholemodule;
				SWIFT_OPTIMIZATION_LEVEL = "-O";
			};
			name = Release;
		};
		B8988A6C2042704200CC8D7B /* Debug */ = {
			isa = XCBuildConfiguration;
			buildSettings = {
				ASSETCATALOG_COMPILER_APPICON_NAME = AppIcon;
				CLANG_ENABLE_MODULES = YES;
				CODE_SIGN_ENTITLEMENTS = "OSRS-touch-bar/Supporting Files/OSRS_touch_bar.entitlements";
				CODE_SIGN_IDENTITY = "-";
				CODE_SIGN_STYLE = Automatic;
				COMBINE_HIDPI_IMAGES = YES;
				DEFINES_MODULE = YES;
				DEVELOPMENT_TEAM = GZZH6JZ9Q5;
				ENABLE_HARDENED_RUNTIME = NO;
				FRAMEWORK_SEARCH_PATHS = (
					"$(inherited)",
					"$(SYSTEM_LIBRARY_DIR)/PrivateFrameworks",
				);
				INFOPLIST_FILE = "OSRS-touch-bar/Supporting Files/Info.plist";
				LD_RUNPATH_SEARCH_PATHS = (
					"$(inherited)",
					"@executable_path/../Frameworks",
				);
				PRODUCT_BUNDLE_IDENTIFIER = "com.patrickgatewood.OSRS-touch-bar";
				PRODUCT_NAME = "$(TARGET_NAME)";
				SWIFT_OBJC_BRIDGING_HEADER = "OSRS-touch-bar/Supporting Files/OSRS-touch-bar-Bridging-Header.h";
				SWIFT_OPTIMIZATION_LEVEL = "-Onone";
				SWIFT_VERSION = 5.0;
			};
			name = Debug;
		};
		B8988A6D2042704200CC8D7B /* Release */ = {
			isa = XCBuildConfiguration;
			buildSettings = {
				ASSETCATALOG_COMPILER_APPICON_NAME = AppIcon;
				CLANG_ENABLE_MODULES = YES;
				CODE_SIGN_ENTITLEMENTS = "OSRS-touch-bar/Supporting Files/OSRS_touch_bar.entitlements";
				CODE_SIGN_IDENTITY = "-";
				CODE_SIGN_STYLE = Automatic;
				COMBINE_HIDPI_IMAGES = YES;
				DEFINES_MODULE = YES;
				DEVELOPMENT_TEAM = GZZH6JZ9Q5;
				ENABLE_HARDENED_RUNTIME = NO;
				FRAMEWORK_SEARCH_PATHS = (
					"$(inherited)",
					"$(SYSTEM_LIBRARY_DIR)/PrivateFrameworks",
				);
				INFOPLIST_FILE = "OSRS-touch-bar/Supporting Files/Info.plist";
				LD_RUNPATH_SEARCH_PATHS = (
					"$(inherited)",
					"@executable_path/../Frameworks",
				);
				PRODUCT_BUNDLE_IDENTIFIER = "com.patrickgatewood.OSRS-touch-bar";
				PRODUCT_NAME = "$(TARGET_NAME)";
				"SWIFT_OBJC_BRIDGING_HEADER[arch=*]" = "OSRS-touch-bar/Supporting Files/OSRS-touch-bar-Bridging-Header.h";
				SWIFT_VERSION = 5.0;
			};
			name = Release;
		};
/* End XCBuildConfiguration section */

/* Begin XCConfigurationList section */
		B8988A562042704200CC8D7B /* Build configuration list for PBXProject "OSRS Touch Bar" */ = {
			isa = XCConfigurationList;
			buildConfigurations = (
				B8988A692042704200CC8D7B /* Debug */,
				B8988A6A2042704200CC8D7B /* Release */,
			);
			defaultConfigurationIsVisible = 0;
			defaultConfigurationName = Release;
		};
		B8988A6B2042704200CC8D7B /* Build configuration list for PBXNativeTarget "OSRS Touch Bar" */ = {
			isa = XCConfigurationList;
			buildConfigurations = (
				B8988A6C2042704200CC8D7B /* Debug */,
				B8988A6D2042704200CC8D7B /* Release */,
			);
			defaultConfigurationIsVisible = 0;
			defaultConfigurationName = Release;
		};
/* End XCConfigurationList section */

/* Begin XCRemoteSwiftPackageReference section */
		B87F0F43247DC5BE00140894 /* XCRemoteSwiftPackageReference "swifter" */ = {
			isa = XCRemoteSwiftPackageReference;
			repositoryURL = "https://github.com/httpswift/swifter.git";
			requirement = {
				kind = upToNextMajorVersion;
				minimumVersion = 1.4.7;
			};
		};
/* End XCRemoteSwiftPackageReference section */

/* Begin XCSwiftPackageProductDependency section */
		B87F0F44247DC5BE00140894 /* Swifter */ = {
			isa = XCSwiftPackageProductDependency;
			package = B87F0F43247DC5BE00140894 /* XCRemoteSwiftPackageReference "swifter" */;
			productName = Swifter;
		};
/* End XCSwiftPackageProductDependency section */
	};
	rootObject = B8988A532042704200CC8D7B /* Project object */;
}
